
Microsoft Visual Studio Solution File, Format Version 12.00
# Visual Studio Version 17
VisualStudioVersion = 17.7.34031.279
MinimumVisualStudioVersion = 10.0.40219.1
Project("{FAE04EC0-301F-11D3-BF4B-00C04F79EFBC}") = "CpuOperationsBench", "CpuOperationsBench.csproj", "{EE5B74A8-A79B-4A71-8CAD-7A76B74AA64E}"
EndProject
Global
	GlobalSection(SolutionConfigurationPlatforms) = preSolution
		Debug|Any CPU = Debug|Any CPU
		Release|Any CPU = Release|Any CPU
	EndGlobalSection
	GlobalSection(ProjectConfigurationPlatforms) = postSolution
		{EE5B74A8-A79B-4A71-8CAD-7A76B74AA64E}.Debug|Any CPU.ActiveCfg = Debug|Any CPU
		{EE5B74A8-A79B-4A71-8CAD-7A76B74AA64E}.Debug|Any CPU.Build.0 = Debug|Any CPU
		{EE5B74A8-A79B-4A71-8CAD-7A76B74AA64E}.Release|Any CPU.ActiveCfg = Release|Any CPU
		{EE5B74A8-A79B-4A71-8CAD-7A76B74AA64E}.Release|Any CPU.Build.0 = Release|Any CPU
	EndGlobalSection
	GlobalSection(SolutionProperties) = preSolution
		HideSolutionNode = FALSE
	EndGlobalSection
	GlobalSection(ExtensibilityGlobals) = postSolution
		SolutionGuid = {808FFC4E-704B-4C02-A0D7-B7F5F3898BF7}
	EndGlobalSection
EndGlobal
